
Microsoft Visual Studio Solution File, Format Version 12.00
# Visual Studio 15
VisualStudioVersion = 15.0.28307.539
MinimumVisualStudioVersion = 10.0.40219.1
Project("{FAE04EC0-301F-11D3-BF4B-00C04F79EFBC}") = "BeatSaberModManager", "BeatSaberModManager\BeatSaberModManager.csproj", "{A053076C-1827-4FD0-B29C-35CDEC751687}"
EndProject
Global
	GlobalSection(SolutionConfigurationPlatforms) = preSolution
		Debug|Any CPU = Debug|Any CPU
		Release|Any CPU = Release|Any CPU
	EndGlobalSection
	GlobalSection(ProjectConfigurationPlatforms) = postSolution
		{A053076C-1827-4FD0-B29C-35CDEC751687}.Debug|Any CPU.ActiveCfg = Release|Any CPU
		{A053076C-1827-4FD0-B29C-35CDEC751687}.Debug|Any CPU.Build.0 = Release|Any CPU
		{A053076C-1827-4FD0-B29C-35CDEC751687}.Release|Any CPU.ActiveCfg = Release|Any CPU
		{A053076C-1827-4FD0-B29C-35CDEC751687}.Release|Any CPU.Build.0 = Release|Any CPU
	EndGlobalSection
	GlobalSection(SolutionProperties) = preSolution
		HideSolutionNode = FALSE
	EndGlobalSection
	GlobalSection(ExtensibilityGlobals) = postSolution
		SolutionGuid = {C01193A5-9D64-4859-A33C-5BB02499FF85}
	EndGlobalSection
EndGlobal
